{
  "object": {
    "pins": [
      {
        "package": "FilePath",
        "repositoryURL": "https://github.com/omochi/FilePath.git",
        "state": {
          "branch": null,
          "revision": "09a26dbeb5e2ab4e2dd57b592eaaac8ddc5cc8e1",
          "version": "1.0.4"
        }
      }
    ]
  },
  "version": 1
}
