{
  "object": {
    "pins": [
      {
        "package": "FilePath",
        "repositoryURL": "https://github.com/omochi/FilePath.git",
        "state": {
          "branch": null,
          "revision": "c8d842a241903f47b0ad16e6cd68caad0cd8123a",
          "version": "1.0.3"
        }
      }
    ]
  },
  "version": 1
}
